// !$*UTF8*$!
{
	archiveVersion = 1;
	classes = {
	};
	objectVersion = 46;
	objects = {

/* Begin PBXBuildFile section */
		584C269D1F453619004719C2 /* ContainerViewController.swift in Sources */ = {isa = PBXBuildFile; fileRef = 584C269C1F453619004719C2 /* ContainerViewController.swift */; };
		584C269F1F453638004719C2 /* ContainerViewModel.swift in Sources */ = {isa = PBXBuildFile; fileRef = 584C269E1F453638004719C2 /* ContainerViewModel.swift */; };
		584C26A11F4536A0004719C2 /* Thing.swift in Sources */ = {isa = PBXBuildFile; fileRef = 584C26A01F4536A0004719C2 /* Thing.swift */; };
		584C26E81F458F41004719C2 /* things.plist in Resources */ = {isa = PBXBuildFile; fileRef = 584C26E71F458F41004719C2 /* things.plist */; };
		58580C721F4423E0005E60B8 /* LoginViewController.swift in Sources */ = {isa = PBXBuildFile; fileRef = 58580C711F4423E0005E60B8 /* LoginViewController.swift */; };
		58580C741F4423F5005E60B8 /* LoginViewModel.swift in Sources */ = {isa = PBXBuildFile; fileRef = 58580C731F4423F5005E60B8 /* LoginViewModel.swift */; };
		587750511F3D844D005896E9 /* AppDelegate.swift in Sources */ = {isa = PBXBuildFile; fileRef = 587750501F3D844D005896E9 /* AppDelegate.swift */; };
		587750531F3D844D005896E9 /* ViewController.swift in Sources */ = {isa = PBXBuildFile; fileRef = 587750521F3D844D005896E9 /* ViewController.swift */; };
		587750561F3D844D005896E9 /* Main.storyboard in Resources */ = {isa = PBXBuildFile; fileRef = 587750541F3D844D005896E9 /* Main.storyboard */; };
		587750581F3D844D005896E9 /* Assets.xcassets in Resources */ = {isa = PBXBuildFile; fileRef = 587750571F3D844D005896E9 /* Assets.xcassets */; };
		5877505B1F3D844D005896E9 /* LaunchScreen.storyboard in Resources */ = {isa = PBXBuildFile; fileRef = 587750591F3D844D005896E9 /* LaunchScreen.storyboard */; };
		587750661F3D844D005896E9 /* RxSwiftDemoTests.swift in Sources */ = {isa = PBXBuildFile; fileRef = 587750651F3D844D005896E9 /* RxSwiftDemoTests.swift */; };
		587750711F3D844D005896E9 /* RxSwiftDemoUITests.swift in Sources */ = {isa = PBXBuildFile; fileRef = 587750701F3D844D005896E9 /* RxSwiftDemoUITests.swift */; };
		5877507F1F3D865A005896E9 /* RegisterViewModel.swift in Sources */ = {isa = PBXBuildFile; fileRef = 5877507E1F3D865A005896E9 /* RegisterViewModel.swift */; };
		587750811F3D8672005896E9 /* Protocol.swift in Sources */ = {isa = PBXBuildFile; fileRef = 587750801F3D8672005896E9 /* Protocol.swift */; };
		587750831F3D8684005896E9 /* Service.swift in Sources */ = {isa = PBXBuildFile; fileRef = 587750821F3D8684005896E9 /* Service.swift */; };
		58AEA9381F3D94DF0002F2C9 /* Pods_RxSwiftDemo.framework in Frameworks */ = {isa = PBXBuildFile; fileRef = 58AEA9351F3D94DF0002F2C9 /* Pods_RxSwiftDemo.framework */; };
		58AEA97F1F3D99350002F2C9 /* RxCocoa.framework in Frameworks */ = {isa = PBXBuildFile; fileRef = 58AEA97D1F3D99350002F2C9 /* RxCocoa.framework */; };
		58AEA9801F3D99350002F2C9 /* RxSwift.framework in Frameworks */ = {isa = PBXBuildFile; fileRef = 58AEA97E1F3D99350002F2C9 /* RxSwift.framework */; };
/* End PBXBuildFile section */

/* Begin PBXContainerItemProxy section */
		587750621F3D844D005896E9 /* PBXContainerItemProxy */ = {
			isa = PBXContainerItemProxy;
			containerPortal = 587750451F3D844D005896E9 /* Project object */;
			proxyType = 1;
			remoteGlobalIDString = 5877504C1F3D844D005896E9;
			remoteInfo = RxSwiftDemo;
		};
		5877506D1F3D844D005896E9 /* PBXContainerItemProxy */ = {
			isa = PBXContainerItemProxy;
			containerPortal = 587750451F3D844D005896E9 /* Project object */;
			proxyType = 1;
			remoteGlobalIDString = 5877504C1F3D844D005896E9;
			remoteInfo = RxSwiftDemo;
		};
/* End PBXContainerItemProxy section */

/* Begin PBXCopyFilesBuildPhase section */
		58EDEA0E1F3D910000A41B1D /* Embed Frameworks */ = {
			isa = PBXCopyFilesBuildPhase;
			buildActionMask = 2147483647;
			dstPath = "";
			dstSubfolderSpec = 10;
			files = (
			);
			name = "Embed Frameworks";
			runOnlyForDeploymentPostprocessing = 0;
		};
/* End PBXCopyFilesBuildPhase section */

/* Begin PBXFileReference section */
		584C269C1F453619004719C2 /* ContainerViewController.swift */ = {isa = PBXFileReference; fileEncoding = 4; lastKnownFileType = sourcecode.swift; path = ContainerViewController.swift; sourceTree = "<group>"; };
		584C269E1F453638004719C2 /* ContainerViewModel.swift */ = {isa = PBXFileReference; fileEncoding = 4; lastKnownFileType = sourcecode.swift; path = ContainerViewModel.swift; sourceTree = "<group>"; };
		584C26A01F4536A0004719C2 /* Thing.swift */ = {isa = PBXFileReference; fileEncoding = 4; lastKnownFileType = sourcecode.swift; path = Thing.swift; sourceTree = "<group>"; };
		584C26E71F458F41004719C2 /* things.plist */ = {isa = PBXFileReference; fileEncoding = 4; lastKnownFileType = text.plist.xml; path = things.plist; sourceTree = "<group>"; };
		58580C711F4423E0005E60B8 /* LoginViewController.swift */ = {isa = PBXFileReference; fileEncoding = 4; lastKnownFileType = sourcecode.swift; path = LoginViewController.swift; sourceTree = "<group>"; };
		58580C731F4423F5005E60B8 /* LoginViewModel.swift */ = {isa = PBXFileReference; fileEncoding = 4; lastKnownFileType = sourcecode.swift; path = LoginViewModel.swift; sourceTree = "<group>"; };
		5877504D1F3D844D005896E9 /* RxSwiftDemo.app */ = {isa = PBXFileReference; explicitFileType = wrapper.application; includeInIndex = 0; path = RxSwiftDemo.app; sourceTree = BUILT_PRODUCTS_DIR; };
		587750501F3D844D005896E9 /* AppDelegate.swift */ = {isa = PBXFileReference; lastKnownFileType = sourcecode.swift; path = AppDelegate.swift; sourceTree = "<group>"; };
		587750521F3D844D005896E9 /* ViewController.swift */ = {isa = PBXFileReference; lastKnownFileType = sourcecode.swift; path = ViewController.swift; sourceTree = "<group>"; };
		587750551F3D844D005896E9 /* Base */ = {isa = PBXFileReference; lastKnownFileType = file.storyboard; name = Base; path = Base.lproj/Main.storyboard; sourceTree = "<group>"; };
		587750571F3D844D005896E9 /* Assets.xcassets */ = {isa = PBXFileReference; lastKnownFileType = folder.assetcatalog; path = Assets.xcassets; sourceTree = "<group>"; };
		5877505A1F3D844D005896E9 /* Base */ = {isa = PBXFileReference; lastKnownFileType = file.storyboard; name = Base; path = Base.lproj/LaunchScreen.storyboard; sourceTree = "<group>"; };
		5877505C1F3D844D005896E9 /* Info.plist */ = {isa = PBXFileReference; lastKnownFileType = text.plist.xml; path = Info.plist; sourceTree = "<group>"; };
		587750611F3D844D005896E9 /* RxSwiftDemoTests.xctest */ = {isa = PBXFileReference; explicitFileType = wrapper.cfbundle; includeInIndex = 0; path = RxSwiftDemoTests.xctest; sourceTree = BUILT_PRODUCTS_DIR; };
		587750651F3D844D005896E9 /* RxSwiftDemoTests.swift */ = {isa = PBXFileReference; lastKnownFileType = sourcecode.swift; path = RxSwiftDemoTests.swift; sourceTree = "<group>"; };
		587750671F3D844D005896E9 /* Info.plist */ = {isa = PBXFileReference; lastKnownFileType = text.plist.xml; path = Info.plist; sourceTree = "<group>"; };
		5877506C1F3D844D005896E9 /* RxSwiftDemoUITests.xctest */ = {isa = PBXFileReference; explicitFileType = wrapper.cfbundle; includeInIndex = 0; path = RxSwiftDemoUITests.xctest; sourceTree = BUILT_PRODUCTS_DIR; };
		587750701F3D844D005896E9 /* RxSwiftDemoUITests.swift */ = {isa = PBXFileReference; lastKnownFileType = sourcecode.swift; path = RxSwiftDemoUITests.swift; sourceTree = "<group>"; };
		587750721F3D844D005896E9 /* Info.plist */ = {isa = PBXFileReference; lastKnownFileType = text.plist.xml; path = Info.plist; sourceTree = "<group>"; };
		5877507E1F3D865A005896E9 /* RegisterViewModel.swift */ = {isa = PBXFileReference; fileEncoding = 4; lastKnownFileType = sourcecode.swift; path = RegisterViewModel.swift; sourceTree = "<group>"; };
		587750801F3D8672005896E9 /* Protocol.swift */ = {isa = PBXFileReference; fileEncoding = 4; lastKnownFileType = sourcecode.swift; path = Protocol.swift; sourceTree = "<group>"; };
		587750821F3D8684005896E9 /* Service.swift */ = {isa = PBXFileReference; fileEncoding = 4; lastKnownFileType = sourcecode.swift; path = Service.swift; sourceTree = "<group>"; };
		58AEA9311F3D94850002F2C9 /* RxCocoa.framework */ = {isa = PBXFileReference; lastKnownFileType = wrapper.framework; name = RxCocoa.framework; path = "Pods/../build/Debug-iphoneos/RxCocoa/RxCocoa.framework"; sourceTree = "<group>"; };
		58AEA9321F3D94850002F2C9 /* RxSwift.framework */ = {isa = PBXFileReference; lastKnownFileType = wrapper.framework; name = RxSwift.framework; path = "Pods/../build/Debug-iphoneos/RxSwift/RxSwift.framework"; sourceTree = "<group>"; };
		58AEA9351F3D94DF0002F2C9 /* Pods_RxSwiftDemo.framework */ = {isa = PBXFileReference; lastKnownFileType = wrapper.framework; name = Pods_RxSwiftDemo.framework; path = "Pods/../build/Release-iphoneos/Pods_RxSwiftDemo.framework"; sourceTree = "<group>"; };
		58AEA9361F3D94DF0002F2C9 /* RxCocoa.framework */ = {isa = PBXFileReference; lastKnownFileType = wrapper.framework; name = RxCocoa.framework; path = "Pods/../build/Debug-iphoneos/RxCocoa/RxCocoa.framework"; sourceTree = "<group>"; };
		58AEA9371F3D94DF0002F2C9 /* RxSwift.framework */ = {isa = PBXFileReference; lastKnownFileType = wrapper.framework; name = RxSwift.framework; path = "Pods/../build/Debug-iphoneos/RxSwift/RxSwift.framework"; sourceTree = "<group>"; };
		58AEA97D1F3D99350002F2C9 /* RxCocoa.framework */ = {isa = PBXFileReference; lastKnownFileType = wrapper.framework; name = RxCocoa.framework; path = "../../Library/Developer/Xcode/DerivedData/RxSwiftDemo-bhafibmynkkerngffynduuurdsoq/Build/Products/Debug-iphonesimulator/RxCocoa/RxCocoa.framework"; sourceTree = "<group>"; };
		58AEA97E1F3D99350002F2C9 /* RxSwift.framework */ = {isa = PBXFileReference; lastKnownFileType = wrapper.framework; name = RxSwift.framework; path = "../../Library/Developer/Xcode/DerivedData/RxSwiftDemo-bhafibmynkkerngffynduuurdsoq/Build/Products/Debug-iphonesimulator/RxSwift/RxSwift.framework"; sourceTree = "<group>"; };
		6774123FFD7E80AD36F12F44 /* Pods_RxSwiftDemo.framework */ = {isa = PBXFileReference; explicitFileType = wrapper.framework; includeInIndex = 0; path = Pods_RxSwiftDemo.framework; sourceTree = BUILT_PRODUCTS_DIR; };
		B7E597FB486416011A3647D2 /* Pods-RxSwiftDemo.release.xcconfig */ = {isa = PBXFileReference; includeInIndex = 1; lastKnownFileType = text.xcconfig; name = "Pods-RxSwiftDemo.release.xcconfig"; path = "Pods/Target Support Files/Pods-RxSwiftDemo/Pods-RxSwiftDemo.release.xcconfig"; sourceTree = "<group>"; };
		DB69C4FC30B226BFEEA83E7C /* Pods-RxSwiftDemo.debug.xcconfig */ = {isa = PBXFileReference; includeInIndex = 1; lastKnownFileType = text.xcconfig; name = "Pods-RxSwiftDemo.debug.xcconfig"; path = "Pods/Target Support Files/Pods-RxSwiftDemo/Pods-RxSwiftDemo.debug.xcconfig"; sourceTree = "<group>"; };
/* End PBXFileReference section */

/* Begin PBXFrameworksBuildPhase section */
		5877504A1F3D844D005896E9 /* Frameworks */ = {
			isa = PBXFrameworksBuildPhase;
			buildActionMask = 2147483647;
			files = (
				58AEA97F1F3D99350002F2C9 /* RxCocoa.framework in Frameworks */,
				58AEA9801F3D99350002F2C9 /* RxSwift.framework in Frameworks */,
				58AEA9381F3D94DF0002F2C9 /* Pods_RxSwiftDemo.framework in Frameworks */,
			);
			runOnlyForDeploymentPostprocessing = 0;
		};
		5877505E1F3D844D005896E9 /* Frameworks */ = {
			isa = PBXFrameworksBuildPhase;
			buildActionMask = 2147483647;
			files = (
			);
			runOnlyForDeploymentPostprocessing = 0;
		};
		587750691F3D844D005896E9 /* Frameworks */ = {
			isa = PBXFrameworksBuildPhase;
			buildActionMask = 2147483647;
			files = (
			);
			runOnlyForDeploymentPostprocessing = 0;
		};
/* End PBXFrameworksBuildPhase section */

/* Begin PBXGroup section */
		495F0B64EDABA23237766996 /* Frameworks */ = {
			isa = PBXGroup;
			children = (
				58AEA97D1F3D99350002F2C9 /* RxCocoa.framework */,
				58AEA97E1F3D99350002F2C9 /* RxSwift.framework */,
				58AEA9351F3D94DF0002F2C9 /* Pods_RxSwiftDemo.framework */,
				58AEA9361F3D94DF0002F2C9 /* RxCocoa.framework */,
				58AEA9371F3D94DF0002F2C9 /* RxSwift.framework */,
				58AEA9311F3D94850002F2C9 /* RxCocoa.framework */,
				58AEA9321F3D94850002F2C9 /* RxSwift.framework */,
				6774123FFD7E80AD36F12F44 /* Pods_RxSwiftDemo.framework */,
			);
			name = Frameworks;
			sourceTree = "<group>";
		};
		587750441F3D844D005896E9 = {
			isa = PBXGroup;
			children = (
				5877504F1F3D844D005896E9 /* RxSwiftDemo */,
				587750641F3D844D005896E9 /* RxSwiftDemoTests */,
				5877506F1F3D844D005896E9 /* RxSwiftDemoUITests */,
				5877504E1F3D844D005896E9 /* Products */,
				ED6DEE4D1DC3093261B5ACAE /* Pods */,
				495F0B64EDABA23237766996 /* Frameworks */,
			);
			sourceTree = "<group>";
		};
		5877504E1F3D844D005896E9 /* Products */ = {
			isa = PBXGroup;
			children = (
				5877504D1F3D844D005896E9 /* RxSwiftDemo.app */,
				587750611F3D844D005896E9 /* RxSwiftDemoTests.xctest */,
				5877506C1F3D844D005896E9 /* RxSwiftDemoUITests.xctest */,
			);
			name = Products;
			sourceTree = "<group>";
		};
		5877504F1F3D844D005896E9 /* RxSwiftDemo */ = {
			isa = PBXGroup;
			children = (
				584C26E71F458F41004719C2 /* things.plist */,
				587750501F3D844D005896E9 /* AppDelegate.swift */,
				587750521F3D844D005896E9 /* ViewController.swift */,
				5877507E1F3D865A005896E9 /* RegisterViewModel.swift */,
				587750541F3D844D005896E9 /* Main.storyboard */,
				587750571F3D844D005896E9 /* Assets.xcassets */,
				587750591F3D844D005896E9 /* LaunchScreen.storyboard */,
				5877505C1F3D844D005896E9 /* Info.plist */,
				587750801F3D8672005896E9 /* Protocol.swift */,
				587750821F3D8684005896E9 /* Service.swift */,
				58580C711F4423E0005E60B8 /* LoginViewController.swift */,
				58580C731F4423F5005E60B8 /* LoginViewModel.swift */,
				584C269C1F453619004719C2 /* ContainerViewController.swift */,
				584C269E1F453638004719C2 /* ContainerViewModel.swift */,
				584C26A01F4536A0004719C2 /* Thing.swift */,
			);
			path = RxSwiftDemo;
			sourceTree = "<group>";
		};
		587750641F3D844D005896E9 /* RxSwiftDemoTests */ = {
			isa = PBXGroup;
			children = (
				587750651F3D844D005896E9 /* RxSwiftDemoTests.swift */,
				587750671F3D844D005896E9 /* Info.plist */,
			);
			path = RxSwiftDemoTests;
			sourceTree = "<group>";
		};
		5877506F1F3D844D005896E9 /* RxSwiftDemoUITests */ = {
			isa = PBXGroup;
			children = (
				587750701F3D844D005896E9 /* RxSwiftDemoUITests.swift */,
				587750721F3D844D005896E9 /* Info.plist */,
			);
			path = RxSwiftDemoUITests;
			sourceTree = "<group>";
		};
		ED6DEE4D1DC3093261B5ACAE /* Pods */ = {
			isa = PBXGroup;
			children = (
				DB69C4FC30B226BFEEA83E7C /* Pods-RxSwiftDemo.debug.xcconfig */,
				B7E597FB486416011A3647D2 /* Pods-RxSwiftDemo.release.xcconfig */,
			);
			name = Pods;
			sourceTree = "<group>";
		};
/* End PBXGroup section */

/* Begin PBXNativeTarget section */
		5877504C1F3D844D005896E9 /* RxSwiftDemo */ = {
			isa = PBXNativeTarget;
			buildConfigurationList = 587750751F3D844D005896E9 /* Build configuration list for PBXNativeTarget "RxSwiftDemo" */;
			buildPhases = (
				4A162D3C3E99A3782B7B2185 /* [CP] Check Pods Manifest.lock */,
				587750491F3D844D005896E9 /* Sources */,
				5877504A1F3D844D005896E9 /* Frameworks */,
				5877504B1F3D844D005896E9 /* Resources */,
				47AACD72296CD99BC67AC322 /* [CP] Embed Pods Frameworks */,
				FFAEF37E3438871B1459D91C /* [CP] Copy Pods Resources */,
				58EDEA0E1F3D910000A41B1D /* Embed Frameworks */,
			);
			buildRules = (
			);
			dependencies = (
			);
			name = RxSwiftDemo;
			productName = RxSwiftDemo;
			productReference = 5877504D1F3D844D005896E9 /* RxSwiftDemo.app */;
			productType = "com.apple.product-type.application";
		};
		587750601F3D844D005896E9 /* RxSwiftDemoTests */ = {
			isa = PBXNativeTarget;
			buildConfigurationList = 587750781F3D844D005896E9 /* Build configuration list for PBXNativeTarget "RxSwiftDemoTests" */;
			buildPhases = (
				5877505D1F3D844D005896E9 /* Sources */,
				5877505E1F3D844D005896E9 /* Frameworks */,
				5877505F1F3D844D005896E9 /* Resources */,
			);
			buildRules = (
			);
			dependencies = (
				587750631F3D844D005896E9 /* PBXTargetDependency */,
			);
			name = RxSwiftDemoTests;
			productName = RxSwiftDemoTests;
			productReference = 587750611F3D844D005896E9 /* RxSwiftDemoTests.xctest */;
			productType = "com.apple.product-type.bundle.unit-test";
		};
		5877506B1F3D844D005896E9 /* RxSwiftDemoUITests */ = {
			isa = PBXNativeTarget;
			buildConfigurationList = 5877507B1F3D844D005896E9 /* Build configuration list for PBXNativeTarget "RxSwiftDemoUITests" */;
			buildPhases = (
				587750681F3D844D005896E9 /* Sources */,
				587750691F3D844D005896E9 /* Frameworks */,
				5877506A1F3D844D005896E9 /* Resources */,
			);
			buildRules = (
			);
			dependencies = (
				5877506E1F3D844D005896E9 /* PBXTargetDependency */,
			);
			name = RxSwiftDemoUITests;
			productName = RxSwiftDemoUITests;
			productReference = 5877506C1F3D844D005896E9 /* RxSwiftDemoUITests.xctest */;
			productType = "com.apple.product-type.bundle.ui-testing";
		};
/* End PBXNativeTarget section */

/* Begin PBXProject section */
		587750451F3D844D005896E9 /* Project object */ = {
			isa = PBXProject;
			attributes = {
				LastSwiftUpdateCheck = 0820;
				LastUpgradeCheck = 0820;
				ORGANIZATIONNAME = yuheng;
				TargetAttributes = {
					5877504C1F3D844D005896E9 = {
						CreatedOnToolsVersion = 8.2.1;
						ProvisioningStyle = Automatic;
					};
					587750601F3D844D005896E9 = {
						CreatedOnToolsVersion = 8.2.1;
						ProvisioningStyle = Automatic;
						TestTargetID = 5877504C1F3D844D005896E9;
					};
					5877506B1F3D844D005896E9 = {
						CreatedOnToolsVersion = 8.2.1;
						ProvisioningStyle = Automatic;
						TestTargetID = 5877504C1F3D844D005896E9;
					};
				};
			};
			buildConfigurationList = 587750481F3D844D005896E9 /* Build configuration list for PBXProject "RxSwiftDemo" */;
			compatibilityVersion = "Xcode 3.2";
			developmentRegion = English;
			hasScannedForEncodings = 0;
			knownRegions = (
				en,
				Base,
			);
			mainGroup = 587750441F3D844D005896E9;
			productRefGroup = 5877504E1F3D844D005896E9 /* Products */;
			projectDirPath = "";
			projectRoot = "";
			targets = (
				5877504C1F3D844D005896E9 /* RxSwiftDemo */,
				587750601F3D844D005896E9 /* RxSwiftDemoTests */,
				5877506B1F3D844D005896E9 /* RxSwiftDemoUITests */,
			);
		};
/* End PBXProject section */

/* Begin PBXResourcesBuildPhase section */
		5877504B1F3D844D005896E9 /* Resources */ = {
			isa = PBXResourcesBuildPhase;
			buildActionMask = 2147483647;
			files = (
				5877505B1F3D844D005896E9 /* LaunchScreen.storyboard in Resources */,
				587750581F3D844D005896E9 /* Assets.xcassets in Resources */,
				587750561F3D844D005896E9 /* Main.storyboard in Resources */,
				584C26E81F458F41004719C2 /* things.plist in Resources */,
			);
			runOnlyForDeploymentPostprocessing = 0;
		};
		5877505F1F3D844D005896E9 /* Resources */ = {
			isa = PBXResourcesBuildPhase;
			buildActionMask = 2147483647;
			files = (
			);
			runOnlyForDeploymentPostprocessing = 0;
		};
		5877506A1F3D844D005896E9 /* Resources */ = {
			isa = PBXResourcesBuildPhase;
			buildActionMask = 2147483647;
			files = (
			);
			runOnlyForDeploymentPostprocessing = 0;
		};
/* End PBXResourcesBuildPhase section */

/* Begin PBXShellScriptBuildPhase section */
		47AACD72296CD99BC67AC322 /* [CP] Embed Pods Frameworks */ = {
			isa = PBXShellScriptBuildPhase;
			buildActionMask = 2147483647;
			files = (
			);
			inputPaths = (
			);
			name = "[CP] Embed Pods Frameworks";
			outputPaths = (
			);
			runOnlyForDeploymentPostprocessing = 0;
			shellPath = /bin/sh;
			shellScript = "\"${SRCROOT}/Pods/Target Support Files/Pods-RxSwiftDemo/Pods-RxSwiftDemo-frameworks.sh\"\n";
			showEnvVarsInLog = 0;
		};
		4A162D3C3E99A3782B7B2185 /* [CP] Check Pods Manifest.lock */ = {
			isa = PBXShellScriptBuildPhase;
			buildActionMask = 2147483647;
			files = (
			);
			inputPaths = (
			);
			name = "[CP] Check Pods Manifest.lock";
			outputPaths = (
			);
			runOnlyForDeploymentPostprocessing = 0;
			shellPath = /bin/sh;
			shellScript = "diff \"${PODS_ROOT}/../Podfile.lock\" \"${PODS_ROOT}/Manifest.lock\" > /dev/null\nif [ $? != 0 ] ; then\n    # print error to STDERR\n    echo \"error: The sandbox is not in sync with the Podfile.lock. Run 'pod install' or update your CocoaPods installation.\" >&2\n    exit 1\nfi\n";
			showEnvVarsInLog = 0;
		};
		FFAEF37E3438871B1459D91C /* [CP] Copy Pods Resources */ = {
			isa = PBXShellScriptBuildPhase;
			buildActionMask = 2147483647;
			files = (
			);
			inputPaths = (
			);
			name = "[CP] Copy Pods Resources";
			outputPaths = (
			);
			runOnlyForDeploymentPostprocessing = 0;
			shellPath = /bin/sh;
			shellScript = "\"${SRCROOT}/Pods/Target Support Files/Pods-RxSwiftDemo/Pods-RxSwiftDemo-resources.sh\"\n";
			showEnvVarsInLog = 0;
		};
/* End PBXShellScriptBuildPhase section */

/* Begin PBXSourcesBuildPhase section */
		587750491F3D844D005896E9 /* Sources */ = {
			isa = PBXSourcesBuildPhase;
			buildActionMask = 2147483647;
			files = (
				58580C721F4423E0005E60B8 /* LoginViewController.swift in Sources */,
				587750531F3D844D005896E9 /* ViewController.swift in Sources */,
				584C269D1F453619004719C2 /* ContainerViewController.swift in Sources */,
				5877507F1F3D865A005896E9 /* RegisterViewModel.swift in Sources */,
				587750831F3D8684005896E9 /* Service.swift in Sources */,
				584C269F1F453638004719C2 /* ContainerViewModel.swift in Sources */,
				587750511F3D844D005896E9 /* AppDelegate.swift in Sources */,
				587750811F3D8672005896E9 /* Protocol.swift in Sources */,
				584C26A11F4536A0004719C2 /* Thing.swift in Sources */,
				58580C741F4423F5005E60B8 /* LoginViewModel.swift in Sources */,
			);
			runOnlyForDeploymentPostprocessing = 0;
		};
		5877505D1F3D844D005896E9 /* Sources */ = {
			isa = PBXSourcesBuildPhase;
			buildActionMask = 2147483647;
			files = (
				587750661F3D844D005896E9 /* RxSwiftDemoTests.swift in Sources */,
			);
			runOnlyForDeploymentPostprocessing = 0;
		};
		587750681F3D844D005896E9 /* Sources */ = {
			isa = PBXSourcesBuildPhase;
			buildActionMask = 2147483647;
			files = (
				587750711F3D844D005896E9 /* RxSwiftDemoUITests.swift in Sources */,
			);
			runOnlyForDeploymentPostprocessing = 0;
		};
/* End PBXSourcesBuildPhase section */

/* Begin PBXTargetDependency section */
		587750631F3D844D005896E9 /* PBXTargetDependency */ = {
			isa = PBXTargetDependency;
			target = 5877504C1F3D844D005896E9 /* RxSwiftDemo */;
			targetProxy = 587750621F3D844D005896E9 /* PBXContainerItemProxy */;
		};
		5877506E1F3D844D005896E9 /* PBXTargetDependency */ = {
			isa = PBXTargetDependency;
			target = 5877504C1F3D844D005896E9 /* RxSwiftDemo */;
			targetProxy = 5877506D1F3D844D005896E9 /* PBXContainerItemProxy */;
		};
/* End PBXTargetDependency section */

/* Begin PBXVariantGroup section */
		587750541F3D844D005896E9 /* Main.storyboard */ = {
			isa = PBXVariantGroup;
			children = (
				587750551F3D844D005896E9 /* Base */,
			);
			name = Main.storyboard;
			sourceTree = "<group>";
		};
		587750591F3D844D005896E9 /* LaunchScreen.storyboard */ = {
			isa = PBXVariantGroup;
			children = (
				5877505A1F3D844D005896E9 /* Base */,
			);
			name = LaunchScreen.storyboard;
			sourceTree = "<group>";
		};
/* End PBXVariantGroup section */

/* Begin XCBuildConfiguration section */
		587750731F3D844D005896E9 /* Debug */ = {
			isa = XCBuildConfiguration;
			buildSettings = {
				ALWAYS_SEARCH_USER_PATHS = NO;
				CLANG_ANALYZER_NONNULL = YES;
				CLANG_CXX_LANGUAGE_STANDARD = "gnu++0x";
				CLANG_CXX_LIBRARY = "libc++";
				CLANG_ENABLE_MODULES = YES;
				CLANG_ENABLE_OBJC_ARC = YES;
				CLANG_WARN_BOOL_CONVERSION = YES;
				CLANG_WARN_CONSTANT_CONVERSION = YES;
				CLANG_WARN_DIRECT_OBJC_ISA_USAGE = YES_ERROR;
				CLANG_WARN_DOCUMENTATION_COMMENTS = YES;
				CLANG_WARN_EMPTY_BODY = YES;
				CLANG_WARN_ENUM_CONVERSION = YES;
				CLANG_WARN_INFINITE_RECURSION = YES;
				CLANG_WARN_INT_CONVERSION = YES;
				CLANG_WARN_OBJC_ROOT_CLASS = YES_ERROR;
				CLANG_WARN_SUSPICIOUS_MOVE = YES;
				CLANG_WARN_UNREACHABLE_CODE = YES;
				CLANG_WARN__DUPLICATE_METHOD_MATCH = YES;
				"CODE_SIGN_IDENTITY[sdk=iphoneos*]" = "iPhone Developer";
				COPY_PHASE_STRIP = NO;
				DEBUG_INFORMATION_FORMAT = dwarf;
				ENABLE_STRICT_OBJC_MSGSEND = YES;
				ENABLE_TESTABILITY = YES;
				GCC_C_LANGUAGE_STANDARD = gnu99;
				GCC_DYNAMIC_NO_PIC = NO;
				GCC_NO_COMMON_BLOCKS = YES;
				GCC_OPTIMIZATION_LEVEL = 0;
				GCC_PREPROCESSOR_DEFINITIONS = (
					"DEBUG=1",
					"$(inherited)",
				);
				GCC_WARN_64_TO_32_BIT_CONVERSION = YES;
				GCC_WARN_ABOUT_RETURN_TYPE = YES_ERROR;
				GCC_WARN_UNDECLARED_SELECTOR = YES;
				GCC_WARN_UNINITIALIZED_AUTOS = YES_AGGRESSIVE;
				GCC_WARN_UNUSED_FUNCTION = YES;
				GCC_WARN_UNUSED_VARIABLE = YES;
				IPHONEOS_DEPLOYMENT_TARGET = 10.2;
				MTL_ENABLE_DEBUG_INFO = YES;
				ONLY_ACTIVE_ARCH = YES;
				SDKROOT = iphoneos;
				SWIFT_ACTIVE_COMPILATION_CONDITIONS = DEBUG;
				SWIFT_OPTIMIZATION_LEVEL = "-Onone";
			};
			name = Debug;
		};
		587750741F3D844D005896E9 /* Release */ = {
			isa = XCBuildConfiguration;
			buildSettings = {
				ALWAYS_SEARCH_USER_PATHS = NO;
				CLANG_ANALYZER_NONNULL = YES;
				CLANG_CXX_LANGUAGE_STANDARD = "gnu++0x";
				CLANG_CXX_LIBRARY = "libc++";
				CLANG_ENABLE_MODULES = YES;
				CLANG_ENABLE_OBJC_ARC = YES;
				CLANG_WARN_BOOL_CONVERSION = YES;
				CLANG_WARN_CONSTANT_CONVERSION = YES;
				CLANG_WARN_DIRECT_OBJC_ISA_USAGE = YES_ERROR;
				CLANG_WARN_DOCUMENTATION_COMMENTS = YES;
				CLANG_WARN_EMPTY_BODY = YES;
				CLANG_WARN_ENUM_CONVERSION = YES;
				CLANG_WARN_INFINITE_RECURSION = YES;
				CLANG_WARN_INT_CONVERSION = YES;
				CLANG_WARN_OBJC_ROOT_CLASS = YES_ERROR;
				CLANG_WARN_SUSPICIOUS_MOVE = YES;
				CLANG_WARN_UNREACHABLE_CODE = YES;
				CLANG_WARN__DUPLICATE_METHOD_MATCH = YES;
				"CODE_SIGN_IDENTITY[sdk=iphoneos*]" = "iPhone Developer";
				COPY_PHASE_STRIP = NO;
				DEBUG_INFORMATION_FORMAT = "dwarf-with-dsym";
				ENABLE_NS_ASSERTIONS = NO;
				ENABLE_STRICT_OBJC_MSGSEND = YES;
				GCC_C_LANGUAGE_STANDARD = gnu99;
				GCC_NO_COMMON_BLOCKS = YES;
				GCC_WARN_64_TO_32_BIT_CONVERSION = YES;
				GCC_WARN_ABOUT_RETURN_TYPE = YES_ERROR;
				GCC_WARN_UNDECLARED_SELECTOR = YES;
				GCC_WARN_UNINITIALIZED_AUTOS = YES_AGGRESSIVE;
				GCC_WARN_UNUSED_FUNCTION = YES;
				GCC_WARN_UNUSED_VARIABLE = YES;
				IPHONEOS_DEPLOYMENT_TARGET = 10.2;
				MTL_ENABLE_DEBUG_INFO = NO;
				SDKROOT = iphoneos;
				SWIFT_OPTIMIZATION_LEVEL = "-Owholemodule";
				VALIDATE_PRODUCT = YES;
			};
			name = Release;
		};
		587750761F3D844D005896E9 /* Debug */ = {
			isa = XCBuildConfiguration;
			baseConfigurationReference = DB69C4FC30B226BFEEA83E7C /* Pods-RxSwiftDemo.debug.xcconfig */;
			buildSettings = {
				ASSETCATALOG_COMPILER_APPICON_NAME = AppIcon;
				FRAMEWORK_SEARCH_PATHS = (
					"$(inherited)",
					"$(PROJECT_DIR)/build/Release-iphoneos/RxCocoa",
					"$(PROJECT_DIR)/build/Release-iphoneos/RxSwift",
					"$(PROJECT_DIR)/build/Debug-iphoneos/RxCocoa",
					"$(PROJECT_DIR)/build/Debug-iphoneos/RxSwift",
					"$(PROJECT_DIR)/build/Release-iphoneos",
				);
				INFOPLIST_FILE = RxSwiftDemo/Info.plist;
				LD_RUNPATH_SEARCH_PATHS = "$(inherited) @executable_path/Frameworks";
				PRODUCT_BUNDLE_IDENTIFIER = com.my.yuheng.RxSwiftDemo;
				PRODUCT_NAME = "$(TARGET_NAME)";
				SWIFT_VERSION = 3.0;
				USER_HEADER_SEARCH_PATHS = "$(PODS_ROOT)/**";
			};
			name = Debug;
		};
		587750771F3D844D005896E9 /* Release */ = {
			isa = XCBuildConfiguration;
			baseConfigurationReference = B7E597FB486416011A3647D2 /* Pods-RxSwiftDemo.release.xcconfig */;
			buildSettings = {
				ASSETCATALOG_COMPILER_APPICON_NAME = AppIcon;
				FRAMEWORK_SEARCH_PATHS = (
					"$(inherited)",
					"$(PROJECT_DIR)/build/Release-iphoneos/RxCocoa",
					"$(PROJECT_DIR)/build/Release-iphoneos/RxSwift",
					"$(PROJECT_DIR)/build/Debug-iphoneos/RxCocoa",
					"$(PROJECT_DIR)/build/Debug-iphoneos/RxSwift",
					"$(PROJECT_DIR)/build/Release-iphoneos",
				);
				INFOPLIST_FILE = RxSwiftDemo/Info.plist;
				LD_RUNPATH_SEARCH_PATHS = "$(inherited) @executable_path/Frameworks";
				PRODUCT_BUNDLE_IDENTIFIER = com.my.yuheng.RxSwiftDemo;
				PRODUCT_NAME = "$(TARGET_NAME)";
				SWIFT_VERSION = 3.0;
				USER_HEADER_SEARCH_PATHS = "$(PODS_ROOT)/**";
			};
			name = Release;
		};
		587750791F3D844D005896E9 /* Debug */ = {
			isa = XCBuildConfiguration;
			buildSettings = {
				ALWAYS_EMBED_SWIFT_STANDARD_LIBRARIES = YES;
				BUNDLE_LOADER = "$(TEST_HOST)";
				INFOPLIST_FILE = RxSwiftDemoTests/Info.plist;
				LD_RUNPATH_SEARCH_PATHS = "$(inherited) @executable_path/Frameworks @loader_path/Frameworks";
				PRODUCT_BUNDLE_IDENTIFIER = com.my.yuheng.RxSwiftDemoTests;
				PRODUCT_NAME = "$(TARGET_NAME)";
				SWIFT_VERSION = 3.0;
				TEST_HOST = "$(BUILT_PRODUCTS_DIR)/RxSwiftDemo.app/RxSwiftDemo";
			};
			name = Debug;
		};
		5877507A1F3D844D005896E9 /* Release */ = {
			isa = XCBuildConfiguration;
			buildSettings = {
				ALWAYS_EMBED_SWIFT_STANDARD_LIBRARIES = YES;
				BUNDLE_LOADER = "$(TEST_HOST)";
				INFOPLIST_FILE = RxSwiftDemoTests/Info.plist;
				LD_RUNPATH_SEARCH_PATHS = "$(inherited) @executable_path/Frameworks @loader_path/Frameworks";
				PRODUCT_BUNDLE_IDENTIFIER = com.my.yuheng.RxSwiftDemoTests;
				PRODUCT_NAME = "$(TARGET_NAME)";
				SWIFT_VERSION = 3.0;
				TEST_HOST = "$(BUILT_PRODUCTS_DIR)/RxSwiftDemo.app/RxSwiftDemo";
			};
			name = Release;
		};
		5877507C1F3D844D005896E9 /* Debug */ = {
			isa = XCBuildConfiguration;
			buildSettings = {
				ALWAYS_EMBED_SWIFT_STANDARD_LIBRARIES = YES;
				INFOPLIST_FILE = RxSwiftDemoUITests/Info.plist;
				LD_RUNPATH_SEARCH_PATHS = "$(inherited) @executable_path/Frameworks @loader_path/Frameworks";
				PRODUCT_BUNDLE_IDENTIFIER = com.my.yuheng.RxSwiftDemoUITests;
				PRODUCT_NAME = "$(TARGET_NAME)";
				SWIFT_VERSION = 3.0;
				TEST_TARGET_NAME = RxSwiftDemo;
			};
			name = Debug;
		};
		5877507D1F3D844D005896E9 /* Release */ = {
			isa = XCBuildConfiguration;
			buildSettings = {
				ALWAYS_EMBED_SWIFT_STANDARD_LIBRARIES = YES;
				INFOPLIST_FILE = RxSwiftDemoUITests/Info.plist;
				LD_RUNPATH_SEARCH_PATHS = "$(inherited) @executable_path/Frameworks @loader_path/Frameworks";
				PRODUCT_BUNDLE_IDENTIFIER = com.my.yuheng.RxSwiftDemoUITests;
				PRODUCT_NAME = "$(TARGET_NAME)";
				SWIFT_VERSION = 3.0;
				TEST_TARGET_NAME = RxSwiftDemo;
			};
			name = Release;
		};
/* End XCBuildConfiguration section */

/* Begin XCConfigurationList section */
		587750481F3D844D005896E9 /* Build configuration list for PBXProject "RxSwiftDemo" */ = {
			isa = XCConfigurationList;
			buildConfigurations = (
				587750731F3D844D005896E9 /* Debug */,
				587750741F3D844D005896E9 /* Release */,
			);
			defaultConfigurationIsVisible = 0;
			defaultConfigurationName = Release;
		};
		587750751F3D844D005896E9 /* Build configuration list for PBXNativeTarget "RxSwiftDemo" */ = {
			isa = XCConfigurationList;
			buildConfigurations = (
				587750761F3D844D005896E9 /* Debug */,
				587750771F3D844D005896E9 /* Release */,
			);
			defaultConfigurationIsVisible = 0;
			defaultConfigurationName = Release;
		};
		587750781F3D844D005896E9 /* Build configuration list for PBXNativeTarget "RxSwiftDemoTests" */ = {
			isa = XCConfigurationList;
			buildConfigurations = (
				587750791F3D844D005896E9 /* Debug */,
				5877507A1F3D844D005896E9 /* Release */,
			);
			defaultConfigurationIsVisible = 0;
			defaultConfigurationName = Release;
		};
		5877507B1F3D844D005896E9 /* Build configuration list for PBXNativeTarget "RxSwiftDemoUITests" */ = {
			isa = XCConfigurationList;
			buildConfigurations = (
				5877507C1F3D844D005896E9 /* Debug */,
				5877507D1F3D844D005896E9 /* Release */,
			);
			defaultConfigurationIsVisible = 0;
			defaultConfigurationName = Release;
		};
/* End XCConfigurationList section */
	};
	rootObject = 587750451F3D844D005896E9 /* Project object */;
}
